// !$*UTF8*$!
{
	archiveVersion = 1;
	classes = {
	};
	objectVersion = 56;
	objects = {

/* Begin PBXBuildFile section */
		DF0A52662D17C68900F3823D /* CartButton.swift in Sources */ = {isa = PBXBuildFile; fileRef = DF0A52652D17C68900F3823D /* CartButton.swift */; };
		DF0A52692D17C82300F3823D /* HomePageView.swift in Sources */ = {isa = PBXBuildFile; fileRef = DF0A52682D17C82300F3823D /* HomePageView.swift */; };
		DF245FC02D189EEF0080BC07 /* CartProductView.swift in Sources */ = {isa = PBXBuildFile; fileRef = DF245FBF2D189EEF0080BC07 /* CartProductView.swift */; };
		DF245FC22D18A2AA0080BC07 /* CartView.swift in Sources */ = {isa = PBXBuildFile; fileRef = DF245FC12D18A2AA0080BC07 /* CartView.swift */; };
		DF358A822D14AF4500409AB9 /* furniture_swiftApp.swift in Sources */ = {isa = PBXBuildFile; fileRef = DF358A812D14AF4500409AB9 /* furniture_swiftApp.swift */; };
		DF358A842D14AF4500409AB9 /* ContentView.swift in Sources */ = {isa = PBXBuildFile; fileRef = DF358A832D14AF4500409AB9 /* ContentView.swift */; };
		DF358A862D14AF4900409AB9 /* Assets.xcassets in Resources */ = {isa = PBXBuildFile; fileRef = DF358A852D14AF4900409AB9 /* Assets.xcassets */; };
		DF358A892D14AF4900409AB9 /* Preview Assets.xcassets in Resources */ = {isa = PBXBuildFile; fileRef = DF358A882D14AF4900409AB9 /* Preview Assets.xcassets */; };
		DF840D612D16209D00CD70DB /* ProductCardView.swift in Sources */ = {isa = PBXBuildFile; fileRef = DF840D602D16209D00CD70DB /* ProductCardView.swift */; };
		DF840D632D1620D700CD70DB /* SearchView.swift in Sources */ = {isa = PBXBuildFile; fileRef = DF840D622D1620D700CD70DB /* SearchView.swift */; };
		DF9DD5492D173B4500A4207C /* CartManager.swift in Sources */ = {isa = PBXBuildFile; fileRef = DF9DD5482D173B4500A4207C /* CartManager.swift */; };
		DFD991DC2D15FACD00DE0B2A /* Product.swift in Sources */ = {isa = PBXBuildFile; fileRef = DFD991DB2D15FACD00DE0B2A /* Product.swift */; };
		DFD991DF2D1618E000DE0B2A /* ImageSliderView.swift in Sources */ = {isa = PBXBuildFile; fileRef = DFD991DE2D1618E000DE0B2A /* ImageSliderView.swift */; };
/* End PBXBuildFile section */

/* Begin PBXFileReference section */
		DF0A52652D17C68900F3823D /* CartButton.swift */ = {isa = PBXFileReference; lastKnownFileType = sourcecode.swift; path = CartButton.swift; sourceTree = "<group>"; };
		DF0A52682D17C82300F3823D /* HomePageView.swift */ = {isa = PBXFileReference; lastKnownFileType = sourcecode.swift; path = HomePageView.swift; sourceTree = "<group>"; };
		DF245FBF2D189EEF0080BC07 /* CartProductView.swift */ = {isa = PBXFileReference; lastKnownFileType = sourcecode.swift; path = CartProductView.swift; sourceTree = "<group>"; };
		DF245FC12D18A2AA0080BC07 /* CartView.swift */ = {isa = PBXFileReference; lastKnownFileType = sourcecode.swift; path = CartView.swift; sourceTree = "<group>"; };
		DF358A7E2D14AF4500409AB9 /* furniture-swift.app */ = {isa = PBXFileReference; explicitFileType = wrapper.application; includeInIndex = 0; path = "furniture-swift.app"; sourceTree = BUILT_PRODUCTS_DIR; };
		DF358A812D14AF4500409AB9 /* furniture_swiftApp.swift */ = {isa = PBXFileReference; lastKnownFileType = sourcecode.swift; path = furniture_swiftApp.swift; sourceTree = "<group>"; };
		DF358A832D14AF4500409AB9 /* ContentView.swift */ = {isa = PBXFileReference; lastKnownFileType = sourcecode.swift; path = ContentView.swift; sourceTree = "<group>"; };
		DF358A852D14AF4900409AB9 /* Assets.xcassets */ = {isa = PBXFileReference; lastKnownFileType = folder.assetcatalog; path = Assets.xcassets; sourceTree = "<group>"; };
		DF358A882D14AF4900409AB9 /* Preview Assets.xcassets */ = {isa = PBXFileReference; lastKnownFileType = folder.assetcatalog; path = "Preview Assets.xcassets"; sourceTree = "<group>"; };
		DF840D602D16209D00CD70DB /* ProductCardView.swift */ = {isa = PBXFileReference; lastKnownFileType = sourcecode.swift; path = ProductCardView.swift; sourceTree = "<group>"; };
		DF840D622D1620D700CD70DB /* SearchView.swift */ = {isa = PBXFileReference; lastKnownFileType = sourcecode.swift; path = SearchView.swift; sourceTree = "<group>"; };
		DF9DD5482D173B4500A4207C /* CartManager.swift */ = {isa = PBXFileReference; lastKnownFileType = sourcecode.swift; path = CartManager.swift; sourceTree = "<group>"; };
		DFD991DB2D15FACD00DE0B2A /* Product.swift */ = {isa = PBXFileReference; lastKnownFileType = sourcecode.swift; path = Product.swift; sourceTree = "<group>"; };
		DFD991DE2D1618E000DE0B2A /* ImageSliderView.swift */ = {isa = PBXFileReference; lastKnownFileType = sourcecode.swift; path = ImageSliderView.swift; sourceTree = "<group>"; };
/* End PBXFileReference section */

/* Begin PBXFrameworksBuildPhase section */
		DF358A7B2D14AF4500409AB9 /* Frameworks */ = {
			isa = PBXFrameworksBuildPhase;
			buildActionMask = 2147483647;
			files = (
			);
			runOnlyForDeploymentPostprocessing = 0;
		};
/* End PBXFrameworksBuildPhase section */

/* Begin PBXGroup section */
		DF0A52672D17C7EE00F3823D /* Views */ = {
			isa = PBXGroup;
			children = (
				DF358A832D14AF4500409AB9 /* ContentView.swift */,
				DF0A52682D17C82300F3823D /* HomePageView.swift */,
				DF245FC12D18A2AA0080BC07 /* CartView.swift */,
			);
			path = Views;
			sourceTree = "<group>";
		};
		DF358A752D14AF4500409AB9 = {
			isa = PBXGroup;
			children = (
				DF358A802D14AF4500409AB9 /* furniture-swift */,
				DF358A7F2D14AF4500409AB9 /* Products */,
			);
			sourceTree = "<group>";
		};
		DF358A7F2D14AF4500409AB9 /* Products */ = {
			isa = PBXGroup;
			children = (
				DF358A7E2D14AF4500409AB9 /* furniture-swift.app */,
			);
			name = Products;
			sourceTree = "<group>";
		};
		DF358A802D14AF4500409AB9 /* furniture-swift */ = {
			isa = PBXGroup;
			children = (
				DF0A52672D17C7EE00F3823D /* Views */,
				DFD991DD2D1618B500DE0B2A /* Components */,
				DF358A812D14AF4500409AB9 /* furniture_swiftApp.swift */,
				DFD991DA2D15FAB200DE0B2A /* Models */,
				DF358A852D14AF4900409AB9 /* Assets.xcassets */,
				DF358A872D14AF4900409AB9 /* Preview Content */,
				DF9DD5482D173B4500A4207C /* CartManager.swift */,
			);
			path = "furniture-swift";
			sourceTree = "<group>";
		};
		DF358A872D14AF4900409AB9 /* Preview Content */ = {
			isa = PBXGroup;
			children = (
				DF358A882D14AF4900409AB9 /* Preview Assets.xcassets */,
			);
			path = "Preview Content";
			sourceTree = "<group>";
		};
		DFD991DA2D15FAB200DE0B2A /* Models */ = {
			isa = PBXGroup;
			children = (
				DFD991DB2D15FACD00DE0B2A /* Product.swift */,
			);
			path = Models;
			sourceTree = "<group>";
		};
		DFD991DD2D1618B500DE0B2A /* Components */ = {
			isa = PBXGroup;
			children = (
				DFD991DE2D1618E000DE0B2A /* ImageSliderView.swift */,
				DF840D602D16209D00CD70DB /* ProductCardView.swift */,
				DF840D622D1620D700CD70DB /* SearchView.swift */,
				DF0A52652D17C68900F3823D /* CartButton.swift */,
				DF245FBF2D189EEF0080BC07 /* CartProductView.swift */,
			);
			path = Components;
			sourceTree = "<group>";
		};
/* End PBXGroup section */

/* Begin PBXNativeTarget section */
		DF358A7D2D14AF4500409AB9 /* furniture-swift */ = {
			isa = PBXNativeTarget;
			buildConfigurationList = DF358A8C2D14AF4900409AB9 /* Build configuration list for PBXNativeTarget "furniture-swift" */;
			buildPhases = (
				DF358A7A2D14AF4500409AB9 /* Sources */,
				DF358A7B2D14AF4500409AB9 /* Frameworks */,
				DF358A7C2D14AF4500409AB9 /* Resources */,
			);
			buildRules = (
			);
			dependencies = (
			);
			name = "furniture-swift";
			productName = "furniture-swift";
			productReference = DF358A7E2D14AF4500409AB9 /* furniture-swift.app */;
			productType = "com.apple.product-type.application";
		};
/* End PBXNativeTarget section */

/* Begin PBXProject section */
		DF358A762D14AF4500409AB9 /* Project object */ = {
			isa = PBXProject;
			attributes = {
				BuildIndependentTargetsInParallel = 1;
				LastSwiftUpdateCheck = 1520;
				LastUpgradeCheck = 1520;
				TargetAttributes = {
					DF358A7D2D14AF4500409AB9 = {
						CreatedOnToolsVersion = 15.2;
					};
				};
			};
			buildConfigurationList = DF358A792D14AF4500409AB9 /* Build configuration list for PBXProject "furniture-swift" */;
			compatibilityVersion = "Xcode 14.0";
			developmentRegion = en;
			hasScannedForEncodings = 0;
			knownRegions = (
				en,
				Base,
			);
			mainGroup = DF358A752D14AF4500409AB9;
			productRefGroup = DF358A7F2D14AF4500409AB9 /* Products */;
			projectDirPath = "";
			projectRoot = "";
			targets = (
				DF358A7D2D14AF4500409AB9 /* furniture-swift */,
			);
		};
/* End PBXProject section */

/* Begin PBXResourcesBuildPhase section */
		DF358A7C2D14AF4500409AB9 /* Resources */ = {
			isa = PBXResourcesBuildPhase;
			buildActionMask = 2147483647;
			files = (
				DF358A892D14AF4900409AB9 /* Preview Assets.xcassets in Resources */,
				DF358A862D14AF4900409AB9 /* Assets.xcassets in Resources */,
			);
			runOnlyForDeploymentPostprocessing = 0;
		};
/* End PBXResourcesBuildPhase section */

/* Begin PBXSourcesBuildPhase section */
		DF358A7A2D14AF4500409AB9 /* Sources */ = {
			isa = PBXSourcesBuildPhase;
			buildActionMask = 2147483647;
			files = (
				DF358A842D14AF4500409AB9 /* ContentView.swift in Sources */,
				DF0A52662D17C68900F3823D /* CartButton.swift in Sources */,
				DFD991DF2D1618E000DE0B2A /* ImageSliderView.swift in Sources */,
				DF9DD5492D173B4500A4207C /* CartManager.swift in Sources */,
				DF358A822D14AF4500409AB9 /* furniture_swiftApp.swift in Sources */,
				DFD991DC2D15FACD00DE0B2A /* Product.swift in Sources */,
				DF245FC22D18A2AA0080BC07 /* CartView.swift in Sources */,
				DF245FC02D189EEF0080BC07 /* CartProductView.swift in Sources */,
				DF840D632D1620D700CD70DB /* SearchView.swift in Sources */,
				DF0A52692D17C82300F3823D /* HomePageView.swift in Sources */,
				DF840D612D16209D00CD70DB /* ProductCardView.swift in Sources */,
			);
			runOnlyForDeploymentPostprocessing = 0;
		};
/* End PBXSourcesBuildPhase section */

/* Begin XCBuildConfiguration section */
		DF358A8A2D14AF4900409AB9 /* Debug */ = {
			isa = XCBuildConfiguration;
			buildSettings = {
				ALWAYS_SEARCH_USER_PATHS = NO;
				ASSETCATALOG_COMPILER_GENERATE_SWIFT_ASSET_SYMBOL_EXTENSIONS = YES;
				CLANG_ANALYZER_NONNULL = YES;
				CLANG_ANALYZER_NUMBER_OBJECT_CONVERSION = YES_AGGRESSIVE;
				CLANG_CXX_LANGUAGE_STANDARD = "gnu++20";
				CLANG_ENABLE_MODULES = YES;
				CLANG_ENABLE_OBJC_ARC = YES;
				CLANG_ENABLE_OBJC_WEAK = YES;
				CLANG_WARN_BLOCK_CAPTURE_AUTORELEASING = YES;
				CLANG_WARN_BOOL_CONVERSION = YES;
				CLANG_WARN_COMMA = YES;
				CLANG_WARN_CONSTANT_CONVERSION = YES;
				CLANG_WARN_DEPRECATED_OBJC_IMPLEMENTATIONS = YES;
				CLANG_WARN_DIRECT_OBJC_ISA_USAGE = YES_ERROR;
				CLANG_WARN_DOCUMENTATION_COMMENTS = YES;
				CLANG_WARN_EMPTY_BODY = YES;
				CLANG_WARN_ENUM_CONVERSION = YES;
				CLANG_WARN_INFINITE_RECURSION = YES;
				CLANG_WARN_INT_CONVERSION = YES;
				CLANG_WARN_NON_LITERAL_NULL_CONVERSION = YES;
				CLANG_WARN_OBJC_IMPLICIT_RETAIN_SELF = YES;
				CLANG_WARN_OBJC_LITERAL_CONVERSION = YES;
				CLANG_WARN_OBJC_ROOT_CLASS = YES_ERROR;
				CLANG_WARN_QUOTED_INCLUDE_IN_FRAMEWORK_HEADER = YES;
				CLANG_WARN_RANGE_LOOP_ANALYSIS = YES;
				CLANG_WARN_STRICT_PROTOTYPES = YES;
				CLANG_WARN_SUSPICIOUS_MOVE = YES;
				CLANG_WARN_UNGUARDED_AVAILABILITY = YES_AGGRESSIVE;
				CLANG_WARN_UNREACHABLE_CODE = YES;
				CLANG_WARN__DUPLICATE_METHOD_MATCH = YES;
				COPY_PHASE_STRIP = NO;
				DEBUG_INFORMATION_FORMAT = dwarf;
				ENABLE_STRICT_OBJC_MSGSEND = YES;
				ENABLE_TESTABILITY = YES;
				ENABLE_USER_SCRIPT_SANDBOXING = YES;
				GCC_C_LANGUAGE_STANDARD = gnu17;
				GCC_DYNAMIC_NO_PIC = NO;
				GCC_NO_COMMON_BLOCKS = YES;
				GCC_OPTIMIZATION_LEVEL = 0;
				GCC_PREPROCESSOR_DEFINITIONS = (
					"DEBUG=1",
					"$(inherited)",
				);
				GCC_WARN_64_TO_32_BIT_CONVERSION = YES;
				GCC_WARN_ABOUT_RETURN_TYPE = YES_ERROR;
				GCC_WARN_UNDECLARED_SELECTOR = YES;
				GCC_WARN_UNINITIALIZED_AUTOS = YES_AGGRESSIVE;
				GCC_WARN_UNUSED_FUNCTION = YES;
				GCC_WARN_UNUSED_VARIABLE = YES;
				IPHONEOS_DEPLOYMENT_TARGET = 17.2;
				LOCALIZATION_PREFERS_STRING_CATALOGS = YES;
				MTL_ENABLE_DEBUG_INFO = INCLUDE_SOURCE;
				MTL_FAST_MATH = YES;
				ONLY_ACTIVE_ARCH = YES;
				SDKROOT = iphoneos;
				SWIFT_ACTIVE_COMPILATION_CONDITIONS = "DEBUG $(inherited)";
				SWIFT_OPTIMIZATION_LEVEL = "-Onone";
			};
			name = Debug;
		};
		DF358A8B2D14AF4900409AB9 /* Release */ = {
			isa = XCBuildConfiguration;
			buildSettings = {
				ALWAYS_SEARCH_USER_PATHS = NO;
				ASSETCATALOG_COMPILER_GENERATE_SWIFT_ASSET_SYMBOL_EXTENSIONS = YES;
				CLANG_ANALYZER_NONNULL = YES;
				CLANG_ANALYZER_NUMBER_OBJECT_CONVERSION = YES_AGGRESSIVE;
				CLANG_CXX_LANGUAGE_STANDARD = "gnu++20";
				CLANG_ENABLE_MODULES = YES;
				CLANG_ENABLE_OBJC_ARC = YES;
				CLANG_ENABLE_OBJC_WEAK = YES;
				CLANG_WARN_BLOCK_CAPTURE_AUTORELEASING = YES;
				CLANG_WARN_BOOL_CONVERSION = YES;
				CLANG_WARN_COMMA = YES;
				CLANG_WARN_CONSTANT_CONVERSION = YES;
				CLANG_WARN_DEPRECATED_OBJC_IMPLEMENTATIONS = YES;
				CLANG_WARN_DIRECT_OBJC_ISA_USAGE = YES_ERROR;
				CLANG_WARN_DOCUMENTATION_COMMENTS = YES;
				CLANG_WARN_EMPTY_BODY = YES;
				CLANG_WARN_ENUM_CONVERSION = YES;
				CLANG_WARN_INFINITE_RECURSION = YES;
				CLANG_WARN_INT_CONVERSION = YES;
				CLANG_WARN_NON_LITERAL_NULL_CONVERSION = YES;
				CLANG_WARN_OBJC_IMPLICIT_RETAIN_SELF = YES;
				CLANG_WARN_OBJC_LITERAL_CONVERSION = YES;
				CLANG_WARN_OBJC_ROOT_CLASS = YES_ERROR;
				CLANG_WARN_QUOTED_INCLUDE_IN_FRAMEWORK_HEADER = YES;
				CLANG_WARN_RANGE_LOOP_ANALYSIS = YES;
				CLANG_WARN_STRICT_PROTOTYPES = YES;
				CLANG_WARN_SUSPICIOUS_MOVE = YES;
				CLANG_WARN_UNGUARDED_AVAILABILITY = YES_AGGRESSIVE;
				CLANG_WARN_UNREACHABLE_CODE = YES;
				CLANG_WARN__DUPLICATE_METHOD_MATCH = YES;
				COPY_PHASE_STRIP = NO;
				DEBUG_INFORMATION_FORMAT = "dwarf-with-dsym";
				ENABLE_NS_ASSERTIONS = NO;
				ENABLE_STRICT_OBJC_MSGSEND = YES;
				ENABLE_USER_SCRIPT_SANDBOXING = YES;
				GCC_C_LANGUAGE_STANDARD = gnu17;
				GCC_NO_COMMON_BLOCKS = YES;
				GCC_WARN_64_TO_32_BIT_CONVERSION = YES;
				GCC_WARN_ABOUT_RETURN_TYPE = YES_ERROR;
				GCC_WARN_UNDECLARED_SELECTOR = YES;
				GCC_WARN_UNINITIALIZED_AUTOS = YES_AGGRESSIVE;
				GCC_WARN_UNUSED_FUNCTION = YES;
				GCC_WARN_UNUSED_VARIABLE = YES;
				IPHONEOS_DEPLOYMENT_TARGET = 17.2;
				LOCALIZATION_PREFERS_STRING_CATALOGS = YES;
				MTL_ENABLE_DEBUG_INFO = NO;
				MTL_FAST_MATH = YES;
				SDKROOT = iphoneos;
				SWIFT_COMPILATION_MODE = wholemodule;
				VALIDATE_PRODUCT = YES;
			};
			name = Release;
		};
		DF358A8D2D14AF4900409AB9 /* Debug */ = {
			isa = XCBuildConfiguration;
			buildSettings = {
				ASSETCATALOG_COMPILER_APPICON_NAME = AppIcon;
				ASSETCATALOG_COMPILER_GLOBAL_ACCENT_COLOR_NAME = AccentColor;
				CODE_SIGN_STYLE = Automatic;
				CURRENT_PROJECT_VERSION = 1;
				DEVELOPMENT_ASSET_PATHS = "\"furniture-swift/Preview Content\"";
				DEVELOPMENT_TEAM = 85N8VR2Y7H;
				ENABLE_PREVIEWS = YES;
				GENERATE_INFOPLIST_FILE = YES;
				INFOPLIST_KEY_UIApplicationSceneManifest_Generation = YES;
				INFOPLIST_KEY_UIApplicationSupportsIndirectInputEvents = YES;
				INFOPLIST_KEY_UILaunchScreen_Generation = YES;
				INFOPLIST_KEY_UISupportedInterfaceOrientations_iPad = "UIInterfaceOrientationPortrait UIInterfaceOrientationPortraitUpsideDown UIInterfaceOrientationLandscapeLeft UIInterfaceOrientationLandscapeRight";
				INFOPLIST_KEY_UISupportedInterfaceOrientations_iPhone = "UIInterfaceOrientationPortrait UIInterfaceOrientationLandscapeLeft UIInterfaceOrientationLandscapeRight";
				LD_RUNPATH_SEARCH_PATHS = (
					"$(inherited)",
					"@executable_path/Frameworks",
				);
				MARKETING_VERSION = 1.0;
				PRODUCT_BUNDLE_IDENTIFIER = "br.com.samuUfreitas.dev.furniture-swift";
				PRODUCT_NAME = "$(TARGET_NAME)";
				SWIFT_EMIT_LOC_STRINGS = YES;
				SWIFT_VERSION = 5.0;
				TARGETED_DEVICE_FAMILY = "1,2";
			};
			name = Debug;
		};
		DF358A8E2D14AF4900409AB9 /* Release */ = {
			isa = XCBuildConfiguration;
			buildSettings = {
				ASSETCATALOG_COMPILER_APPICON_NAME = AppIcon;
				ASSETCATALOG_COMPILER_GLOBAL_ACCENT_COLOR_NAME = AccentColor;
				CODE_SIGN_STYLE = Automatic;
				CURRENT_PROJECT_VERSION = 1;
				DEVELOPMENT_ASSET_PATHS = "\"furniture-swift/Preview Content\"";
				DEVELOPMENT_TEAM = 85N8VR2Y7H;
				ENABLE_PREVIEWS = YES;
				GENERATE_INFOPLIST_FILE = YES;
				INFOPLIST_KEY_UIApplicationSceneManifest_Generation = YES;
				INFOPLIST_KEY_UIApplicationSupportsIndirectInputEvents = YES;
				INFOPLIST_KEY_UILaunchScreen_Generation = YES;
				INFOPLIST_KEY_UISupportedInterfaceOrientations_iPad = "UIInterfaceOrientationPortrait UIInterfaceOrientationPortraitUpsideDown UIInterfaceOrientationLandscapeLeft UIInterfaceOrientationLandscapeRight";
				INFOPLIST_KEY_UISupportedInterfaceOrientations_iPhone = "UIInterfaceOrientationPortrait UIInterfaceOrientationLandscapeLeft UIInterfaceOrientationLandscapeRight";
				LD_RUNPATH_SEARCH_PATHS = (
					"$(inherited)",
					"@executable_path/Frameworks",
				);
				MARKETING_VERSION = 1.0;
				PRODUCT_BUNDLE_IDENTIFIER = "br.com.samuUfreitas.dev.furniture-swift";
				PRODUCT_NAME = "$(TARGET_NAME)";
				SWIFT_EMIT_LOC_STRINGS = YES;
				SWIFT_VERSION = 5.0;
				TARGETED_DEVICE_FAMILY = "1,2";
			};
			name = Release;
		};
/* End XCBuildConfiguration section */

/* Begin XCConfigurationList section */
		DF358A792D14AF4500409AB9 /* Build configuration list for PBXProject "furniture-swift" */ = {
			isa = XCConfigurationList;
			buildConfigurations = (
				DF358A8A2D14AF4900409AB9 /* Debug */,
				DF358A8B2D14AF4900409AB9 /* Release */,
			);
			defaultConfigurationIsVisible = 0;
			defaultConfigurationName = Release;
		};
		DF358A8C2D14AF4900409AB9 /* Build configuration list for PBXNativeTarget "furniture-swift" */ = {
			isa = XCConfigurationList;
			buildConfigurations = (
				DF358A8D2D14AF4900409AB9 /* Debug */,
				DF358A8E2D14AF4900409AB9 /* Release */,
			);
			defaultConfigurationIsVisible = 0;
			defaultConfigurationName = Release;
		};
/* End XCConfigurationList section */
	};
	rootObject = DF358A762D14AF4500409AB9 /* Project object */;
}
